// !$*UTF8*$!
{
	archiveVersion = 1;
	classes = {
	};
	objectVersion = 56;
	objects = {

/* Begin PBXBuildFile section */
		B2282FAA29D110E500C03C62 /* AppDelegate.swift in Sources */ = {isa = PBXBuildFile; fileRef = B2282FA929D110E500C03C62 /* AppDelegate.swift */; };
		B2282FAC29D110E500C03C62 /* SceneDelegate.swift in Sources */ = {isa = PBXBuildFile; fileRef = B2282FAB29D110E500C03C62 /* SceneDelegate.swift */; };
		B2282FAE29D110E500C03C62 /* ViewController.swift in Sources */ = {isa = PBXBuildFile; fileRef = B2282FAD29D110E500C03C62 /* ViewController.swift */; };
		B2282FB129D110E500C03C62 /* Main.storyboard in Resources */ = {isa = PBXBuildFile; fileRef = B2282FAF29D110E500C03C62 /* Main.storyboard */; };
		B2282FB429D110E500C03C62 /* SwiftTransition.xcdatamodeld in Sources */ = {isa = PBXBuildFile; fileRef = B2282FB229D110E500C03C62 /* SwiftTransition.xcdatamodeld */; };
		B2282FB629D110E600C03C62 /* Assets.xcassets in Resources */ = {isa = PBXBuildFile; fileRef = B2282FB529D110E600C03C62 /* Assets.xcassets */; };
		B2282FB929D110E600C03C62 /* LaunchScreen.storyboard in Resources */ = {isa = PBXBuildFile; fileRef = B2282FB729D110E600C03C62 /* LaunchScreen.storyboard */; };
		B2282FC429D110E600C03C62 /* SwiftTransitionTests.swift in Sources */ = {isa = PBXBuildFile; fileRef = B2282FC329D110E600C03C62 /* SwiftTransitionTests.swift */; };
		B2282FCE29D110E600C03C62 /* SwiftTransitionUITests.swift in Sources */ = {isa = PBXBuildFile; fileRef = B2282FCD29D110E600C03C62 /* SwiftTransitionUITests.swift */; };
		B2282FD029D110E600C03C62 /* SwiftTransitionUITestsLaunchTests.swift in Sources */ = {isa = PBXBuildFile; fileRef = B2282FCF29D110E600C03C62 /* SwiftTransitionUITestsLaunchTests.swift */; };
		B2282FDD29D1214B00C03C62 /* Screen2.storyboard in Resources */ = {isa = PBXBuildFile; fileRef = B2282FDC29D1214B00C03C62 /* Screen2.storyboard */; };
		B2282FDF29D1216B00C03C62 /* Modal.storyboard in Resources */ = {isa = PBXBuildFile; fileRef = B2282FDE29D1216B00C03C62 /* Modal.storyboard */; };
/* End PBXBuildFile section */

/* Begin PBXContainerItemProxy section */
		B2282FC029D110E600C03C62 /* PBXContainerItemProxy */ = {
			isa = PBXContainerItemProxy;
			containerPortal = B2282F9E29D110E500C03C62 /* Project object */;
			proxyType = 1;
			remoteGlobalIDString = B2282FA529D110E500C03C62;
			remoteInfo = SwiftTransition;
		};
		B2282FCA29D110E600C03C62 /* PBXContainerItemProxy */ = {
			isa = PBXContainerItemProxy;
			containerPortal = B2282F9E29D110E500C03C62 /* Project object */;
			proxyType = 1;
			remoteGlobalIDString = B2282FA529D110E500C03C62;
			remoteInfo = SwiftTransition;
		};
/* End PBXContainerItemProxy section */

/* Begin PBXFileReference section */
		B2282FA629D110E500C03C62 /* SwiftTransition.app */ = {isa = PBXFileReference; explicitFileType = wrapper.application; includeInIndex = 0; path = SwiftTransition.app; sourceTree = BUILT_PRODUCTS_DIR; };
		B2282FA929D110E500C03C62 /* AppDelegate.swift */ = {isa = PBXFileReference; lastKnownFileType = sourcecode.swift; path = AppDelegate.swift; sourceTree = "<group>"; };
		B2282FAB29D110E500C03C62 /* SceneDelegate.swift */ = {isa = PBXFileReference; lastKnownFileType = sourcecode.swift; path = SceneDelegate.swift; sourceTree = "<group>"; };
		B2282FAD29D110E500C03C62 /* ViewController.swift */ = {isa = PBXFileReference; lastKnownFileType = sourcecode.swift; path = ViewController.swift; sourceTree = "<group>"; };
		B2282FB029D110E500C03C62 /* Base */ = {isa = PBXFileReference; lastKnownFileType = file.storyboard; name = Base; path = Base.lproj/Main.storyboard; sourceTree = "<group>"; };
		B2282FB329D110E500C03C62 /* SwiftTransition.xcdatamodel */ = {isa = PBXFileReference; lastKnownFileType = wrapper.xcdatamodel; path = SwiftTransition.xcdatamodel; sourceTree = "<group>"; };
		B2282FB529D110E600C03C62 /* Assets.xcassets */ = {isa = PBXFileReference; lastKnownFileType = folder.assetcatalog; path = Assets.xcassets; sourceTree = "<group>"; };
		B2282FB829D110E600C03C62 /* Base */ = {isa = PBXFileReference; lastKnownFileType = file.storyboard; name = Base; path = Base.lproj/LaunchScreen.storyboard; sourceTree = "<group>"; };
		B2282FBA29D110E600C03C62 /* Info.plist */ = {isa = PBXFileReference; lastKnownFileType = text.plist.xml; path = Info.plist; sourceTree = "<group>"; };
		B2282FBF29D110E600C03C62 /* SwiftTransitionTests.xctest */ = {isa = PBXFileReference; explicitFileType = wrapper.cfbundle; includeInIndex = 0; path = SwiftTransitionTests.xctest; sourceTree = BUILT_PRODUCTS_DIR; };
		B2282FC329D110E600C03C62 /* SwiftTransitionTests.swift */ = {isa = PBXFileReference; lastKnownFileType = sourcecode.swift; path = SwiftTransitionTests.swift; sourceTree = "<group>"; };
		B2282FC929D110E600C03C62 /* SwiftTransitionUITests.xctest */ = {isa = PBXFileReference; explicitFileType = wrapper.cfbundle; includeInIndex = 0; path = SwiftTransitionUITests.xctest; sourceTree = BUILT_PRODUCTS_DIR; };
		B2282FCD29D110E600C03C62 /* SwiftTransitionUITests.swift */ = {isa = PBXFileReference; lastKnownFileType = sourcecode.swift; path = SwiftTransitionUITests.swift; sourceTree = "<group>"; };
		B2282FCF29D110E600C03C62 /* SwiftTransitionUITestsLaunchTests.swift */ = {isa = PBXFileReference; lastKnownFileType = sourcecode.swift; path = SwiftTransitionUITestsLaunchTests.swift; sourceTree = "<group>"; };
		B2282FDC29D1214B00C03C62 /* Screen2.storyboard */ = {isa = PBXFileReference; lastKnownFileType = file.storyboard; path = Screen2.storyboard; sourceTree = "<group>"; };
		B2282FDE29D1216B00C03C62 /* Modal.storyboard */ = {isa = PBXFileReference; lastKnownFileType = file.storyboard; path = Modal.storyboard; sourceTree = "<group>"; };
/* End PBXFileReference section */

/* Begin PBXFrameworksBuildPhase section */
		B2282FA329D110E500C03C62 /* Frameworks */ = {
			isa = PBXFrameworksBuildPhase;
			buildActionMask = 2147483647;
			files = (
			);
			runOnlyForDeploymentPostprocessing = 0;
		};
		B2282FBC29D110E600C03C62 /* Frameworks */ = {
			isa = PBXFrameworksBuildPhase;
			buildActionMask = 2147483647;
			files = (
			);
			runOnlyForDeploymentPostprocessing = 0;
		};
		B2282FC629D110E600C03C62 /* Frameworks */ = {
			isa = PBXFrameworksBuildPhase;
			buildActionMask = 2147483647;
			files = (
			);
			runOnlyForDeploymentPostprocessing = 0;
		};
/* End PBXFrameworksBuildPhase section */

/* Begin PBXGroup section */
		B2282F9D29D110E500C03C62 = {
			isa = PBXGroup;
			children = (
				B2282FA829D110E500C03C62 /* SwiftTransition */,
				B2282FC229D110E600C03C62 /* SwiftTransitionTests */,
				B2282FCC29D110E600C03C62 /* SwiftTransitionUITests */,
				B2282FA729D110E500C03C62 /* Products */,
			);
			sourceTree = "<group>";
		};
		B2282FA729D110E500C03C62 /* Products */ = {
			isa = PBXGroup;
			children = (
				B2282FA629D110E500C03C62 /* SwiftTransition.app */,
				B2282FBF29D110E600C03C62 /* SwiftTransitionTests.xctest */,
				B2282FC929D110E600C03C62 /* SwiftTransitionUITests.xctest */,
			);
			name = Products;
			sourceTree = "<group>";
		};
		B2282FA829D110E500C03C62 /* SwiftTransition */ = {
			isa = PBXGroup;
			children = (
				B2282FA929D110E500C03C62 /* AppDelegate.swift */,
				B2282FAB29D110E500C03C62 /* SceneDelegate.swift */,
				B2282FAD29D110E500C03C62 /* ViewController.swift */,
				B2282FB529D110E600C03C62 /* Assets.xcassets */,
				B2282FB729D110E600C03C62 /* LaunchScreen.storyboard */,
				B2282FBA29D110E600C03C62 /* Info.plist */,
				B2282FB229D110E500C03C62 /* SwiftTransition.xcdatamodeld */,
				B2282FAF29D110E500C03C62 /* Main.storyboard */,
				B2282FDC29D1214B00C03C62 /* Screen2.storyboard */,
				B2282FDE29D1216B00C03C62 /* Modal.storyboard */,
			);
			path = SwiftTransition;
			sourceTree = "<group>";
		};
		B2282FC229D110E600C03C62 /* SwiftTransitionTests */ = {
			isa = PBXGroup;
			children = (
				B2282FC329D110E600C03C62 /* SwiftTransitionTests.swift */,
			);
			path = SwiftTransitionTests;
			sourceTree = "<group>";
		};
		B2282FCC29D110E600C03C62 /* SwiftTransitionUITests */ = {
			isa = PBXGroup;
			children = (
				B2282FCD29D110E600C03C62 /* SwiftTransitionUITests.swift */,
				B2282FCF29D110E600C03C62 /* SwiftTransitionUITestsLaunchTests.swift */,
			);
			path = SwiftTransitionUITests;
			sourceTree = "<group>";
		};
/* End PBXGroup section */

/* Begin PBXNativeTarget section */
		B2282FA529D110E500C03C62 /* SwiftTransition */ = {
			isa = PBXNativeTarget;
			buildConfigurationList = B2282FD329D110E600C03C62 /* Build configuration list for PBXNativeTarget "SwiftTransition" */;
			buildPhases = (
				B2282FA229D110E500C03C62 /* Sources */,
				B2282FA329D110E500C03C62 /* Frameworks */,
				B2282FA429D110E500C03C62 /* Resources */,
			);
			buildRules = (
			);
			dependencies = (
			);
			name = SwiftTransition;
			productName = SwiftTransition;
			productReference = B2282FA629D110E500C03C62 /* SwiftTransition.app */;
			productType = "com.apple.product-type.application";
		};
		B2282FBE29D110E600C03C62 /* SwiftTransitionTests */ = {
			isa = PBXNativeTarget;
			buildConfigurationList = B2282FD629D110E600C03C62 /* Build configuration list for PBXNativeTarget "SwiftTransitionTests" */;
			buildPhases = (
				B2282FBB29D110E600C03C62 /* Sources */,
				B2282FBC29D110E600C03C62 /* Frameworks */,
				B2282FBD29D110E600C03C62 /* Resources */,
			);
			buildRules = (
			);
			dependencies = (
				B2282FC129D110E600C03C62 /* PBXTargetDependency */,
			);
			name = SwiftTransitionTests;
			productName = SwiftTransitionTests;
			productReference = B2282FBF29D110E600C03C62 /* SwiftTransitionTests.xctest */;
			productType = "com.apple.product-type.bundle.unit-test";
		};
		B2282FC829D110E600C03C62 /* SwiftTransitionUITests */ = {
			isa = PBXNativeTarget;
			buildConfigurationList = B2282FD929D110E600C03C62 /* Build configuration list for PBXNativeTarget "SwiftTransitionUITests" */;
			buildPhases = (
				B2282FC529D110E600C03C62 /* Sources */,
				B2282FC629D110E600C03C62 /* Frameworks */,
				B2282FC729D110E600C03C62 /* Resources */,
			);
			buildRules = (
			);
			dependencies = (
				B2282FCB29D110E600C03C62 /* PBXTargetDependency */,
			);
			name = SwiftTransitionUITests;
			productName = SwiftTransitionUITests;
			productReference = B2282FC929D110E600C03C62 /* SwiftTransitionUITests.xctest */;
			productType = "com.apple.product-type.bundle.ui-testing";
		};
/* End PBXNativeTarget section */

/* Begin PBXProject section */
		B2282F9E29D110E500C03C62 /* Project object */ = {
			isa = PBXProject;
			attributes = {
				BuildIndependentTargetsInParallel = 1;
				LastSwiftUpdateCheck = 1420;
				LastUpgradeCheck = 1420;
				TargetAttributes = {
					B2282FA529D110E500C03C62 = {
						CreatedOnToolsVersion = 14.2;
					};
					B2282FBE29D110E600C03C62 = {
						CreatedOnToolsVersion = 14.2;
						TestTargetID = B2282FA529D110E500C03C62;
					};
					B2282FC829D110E600C03C62 = {
						CreatedOnToolsVersion = 14.2;
						TestTargetID = B2282FA529D110E500C03C62;
					};
				};
			};
			buildConfigurationList = B2282FA129D110E500C03C62 /* Build configuration list for PBXProject "SwiftTransition" */;
			compatibilityVersion = "Xcode 14.0";
			developmentRegion = en;
			hasScannedForEncodings = 0;
			knownRegions = (
				en,
				Base,
			);
			mainGroup = B2282F9D29D110E500C03C62;
			productRefGroup = B2282FA729D110E500C03C62 /* Products */;
			projectDirPath = "";
			projectRoot = "";
			targets = (
				B2282FA529D110E500C03C62 /* SwiftTransition */,
				B2282FBE29D110E600C03C62 /* SwiftTransitionTests */,
				B2282FC829D110E600C03C62 /* SwiftTransitionUITests */,
			);
		};
/* End PBXProject section */

/* Begin PBXResourcesBuildPhase section */
		B2282FA429D110E500C03C62 /* Resources */ = {
			isa = PBXResourcesBuildPhase;
			buildActionMask = 2147483647;
			files = (
				B2282FB929D110E600C03C62 /* LaunchScreen.storyboard in Resources */,
				B2282FB629D110E600C03C62 /* Assets.xcassets in Resources */,
				B2282FB129D110E500C03C62 /* Main.storyboard in Resources */,
				B2282FDD29D1214B00C03C62 /* Screen2.storyboard in Resources */,
				B2282FDF29D1216B00C03C62 /* Modal.storyboard in Resources */,
			);
			runOnlyForDeploymentPostprocessing = 0;
		};
		B2282FBD29D110E600C03C62 /* Resources */ = {
			isa = PBXResourcesBuildPhase;
			buildActionMask = 2147483647;
			files = (
			);
			runOnlyForDeploymentPostprocessing = 0;
		};
		B2282FC729D110E600C03C62 /* Resources */ = {
			isa = PBXResourcesBuildPhase;
			buildActionMask = 2147483647;
			files = (
			);
			runOnlyForDeploymentPostprocessing = 0;
		};
/* End PBXResourcesBuildPhase section */

/* Begin PBXSourcesBuildPhase section */
		B2282FA229D110E500C03C62 /* Sources */ = {
			isa = PBXSourcesBuildPhase;
			buildActionMask = 2147483647;
			files = (
				B2282FB429D110E500C03C62 /* SwiftTransition.xcdatamodeld in Sources */,
				B2282FAE29D110E500C03C62 /* ViewController.swift in Sources */,
				B2282FAA29D110E500C03C62 /* AppDelegate.swift in Sources */,
				B2282FAC29D110E500C03C62 /* SceneDelegate.swift in Sources */,
			);
			runOnlyForDeploymentPostprocessing = 0;
		};
		B2282FBB29D110E600C03C62 /* Sources */ = {
			isa = PBXSourcesBuildPhase;
			buildActionMask = 2147483647;
			files = (
				B2282FC429D110E600C03C62 /* SwiftTransitionTests.swift in Sources */,
			);
			runOnlyForDeploymentPostprocessing = 0;
		};
		B2282FC529D110E600C03C62 /* Sources */ = {
			isa = PBXSourcesBuildPhase;
			buildActionMask = 2147483647;
			files = (
				B2282FCE29D110E600C03C62 /* SwiftTransitionUITests.swift in Sources */,
				B2282FD029D110E600C03C62 /* SwiftTransitionUITestsLaunchTests.swift in Sources */,
			);
			runOnlyForDeploymentPostprocessing = 0;
		};
/* End PBXSourcesBuildPhase section */

/* Begin PBXTargetDependency section */
		B2282FC129D110E600C03C62 /* PBXTargetDependency */ = {
			isa = PBXTargetDependency;
			target = B2282FA529D110E500C03C62 /* SwiftTransition */;
			targetProxy = B2282FC029D110E600C03C62 /* PBXContainerItemProxy */;
		};
		B2282FCB29D110E600C03C62 /* PBXTargetDependency */ = {
			isa = PBXTargetDependency;
			target = B2282FA529D110E500C03C62 /* SwiftTransition */;
			targetProxy = B2282FCA29D110E600C03C62 /* PBXContainerItemProxy */;
		};
/* End PBXTargetDependency section */

/* Begin PBXVariantGroup section */
		B2282FAF29D110E500C03C62 /* Main.storyboard */ = {
			isa = PBXVariantGroup;
			children = (
				B2282FB029D110E500C03C62 /* Base */,
			);
			name = Main.storyboard;
			sourceTree = "<group>";
		};
		B2282FB729D110E600C03C62 /* LaunchScreen.storyboard */ = {
			isa = PBXVariantGroup;
			children = (
				B2282FB829D110E600C03C62 /* Base */,
			);
			name = LaunchScreen.storyboard;
			sourceTree = "<group>";
		};
/* End PBXVariantGroup section */

/* Begin XCBuildConfiguration section */
		B2282FD129D110E600C03C62 /* Debug */ = {
			isa = XCBuildConfiguration;
			buildSettings = {
				ALWAYS_SEARCH_USER_PATHS = NO;
				CLANG_ANALYZER_NONNULL = YES;
				CLANG_ANALYZER_NUMBER_OBJECT_CONVERSION = YES_AGGRESSIVE;
				CLANG_CXX_LANGUAGE_STANDARD = "gnu++20";
				CLANG_ENABLE_MODULES = YES;
				CLANG_ENABLE_OBJC_ARC = YES;
				CLANG_ENABLE_OBJC_WEAK = YES;
				CLANG_WARN_BLOCK_CAPTURE_AUTORELEASING = YES;
				CLANG_WARN_BOOL_CONVERSION = YES;
				CLANG_WARN_COMMA = YES;
				CLANG_WARN_CONSTANT_CONVERSION = YES;
				CLANG_WARN_DEPRECATED_OBJC_IMPLEMENTATIONS = YES;
				CLANG_WARN_DIRECT_OBJC_ISA_USAGE = YES_ERROR;
				CLANG_WARN_DOCUMENTATION_COMMENTS = YES;
				CLANG_WARN_EMPTY_BODY = YES;
				CLANG_WARN_ENUM_CONVERSION = YES;
				CLANG_WARN_INFINITE_RECURSION = YES;
				CLANG_WARN_INT_CONVERSION = YES;
				CLANG_WARN_NON_LITERAL_NULL_CONVERSION = YES;
				CLANG_WARN_OBJC_IMPLICIT_RETAIN_SELF = YES;
				CLANG_WARN_OBJC_LITERAL_CONVERSION = YES;
				CLANG_WARN_OBJC_ROOT_CLASS = YES_ERROR;
				CLANG_WARN_QUOTED_INCLUDE_IN_FRAMEWORK_HEADER = YES;
				CLANG_WARN_RANGE_LOOP_ANALYSIS = YES;
				CLANG_WARN_STRICT_PROTOTYPES = YES;
				CLANG_WARN_SUSPICIOUS_MOVE = YES;
				CLANG_WARN_UNGUARDED_AVAILABILITY = YES_AGGRESSIVE;
				CLANG_WARN_UNREACHABLE_CODE = YES;
				CLANG_WARN__DUPLICATE_METHOD_MATCH = YES;
				COPY_PHASE_STRIP = NO;
				DEBUG_INFORMATION_FORMAT = dwarf;
				ENABLE_STRICT_OBJC_MSGSEND = YES;
				ENABLE_TESTABILITY = YES;
				GCC_C_LANGUAGE_STANDARD = gnu11;
				GCC_DYNAMIC_NO_PIC = NO;
				GCC_NO_COMMON_BLOCKS = YES;
				GCC_OPTIMIZATION_LEVEL = 0;
				GCC_PREPROCESSOR_DEFINITIONS = (
					"DEBUG=1",
					"$(inherited)",
				);
				GCC_WARN_64_TO_32_BIT_CONVERSION = YES;
				GCC_WARN_ABOUT_RETURN_TYPE = YES_ERROR;
				GCC_WARN_UNDECLARED_SELECTOR = YES;
				GCC_WARN_UNINITIALIZED_AUTOS = YES_AGGRESSIVE;
				GCC_WARN_UNUSED_FUNCTION = YES;
				GCC_WARN_UNUSED_VARIABLE = YES;
				IPHONEOS_DEPLOYMENT_TARGET = 16.2;
				MTL_ENABLE_DEBUG_INFO = INCLUDE_SOURCE;
				MTL_FAST_MATH = YES;
				ONLY_ACTIVE_ARCH = YES;
				SDKROOT = iphoneos;
				SWIFT_ACTIVE_COMPILATION_CONDITIONS = DEBUG;
				SWIFT_OPTIMIZATION_LEVEL = "-Onone";
			};
			name = Debug;
		};
		B2282FD229D110E600C03C62 /* Release */ = {
			isa = XCBuildConfiguration;
			buildSettings = {
				ALWAYS_SEARCH_USER_PATHS = NO;
				CLANG_ANALYZER_NONNULL = YES;
				CLANG_ANALYZER_NUMBER_OBJECT_CONVERSION = YES_AGGRESSIVE;
				CLANG_CXX_LANGUAGE_STANDARD = "gnu++20";
				CLANG_ENABLE_MODULES = YES;
				CLANG_ENABLE_OBJC_ARC = YES;
				CLANG_ENABLE_OBJC_WEAK = YES;
				CLANG_WARN_BLOCK_CAPTURE_AUTORELEASING = YES;
				CLANG_WARN_BOOL_CONVERSION = YES;
				CLANG_WARN_COMMA = YES;
				CLANG_WARN_CONSTANT_CONVERSION = YES;
				CLANG_WARN_DEPRECATED_OBJC_IMPLEMENTATIONS = YES;
				CLANG_WARN_DIRECT_OBJC_ISA_USAGE = YES_ERROR;
				CLANG_WARN_DOCUMENTATION_COMMENTS = YES;
				CLANG_WARN_EMPTY_BODY = YES;
				CLANG_WARN_ENUM_CONVERSION = YES;
				CLANG_WARN_INFINITE_RECURSION = YES;
				CLANG_WARN_INT_CONVERSION = YES;
				CLANG_WARN_NON_LITERAL_NULL_CONVERSION = YES;
				CLANG_WARN_OBJC_IMPLICIT_RETAIN_SELF = YES;
				CLANG_WARN_OBJC_LITERAL_CONVERSION = YES;
				CLANG_WARN_OBJC_ROOT_CLASS = YES_ERROR;
				CLANG_WARN_QUOTED_INCLUDE_IN_FRAMEWORK_HEADER = YES;
				CLANG_WARN_RANGE_LOOP_ANALYSIS = YES;
				CLANG_WARN_STRICT_PROTOTYPES = YES;
				CLANG_WARN_SUSPICIOUS_MOVE = YES;
				CLANG_WARN_UNGUARDED_AVAILABILITY = YES_AGGRESSIVE;
				CLANG_WARN_UNREACHABLE_CODE = YES;
				CLANG_WARN__DUPLICATE_METHOD_MATCH = YES;
				COPY_PHASE_STRIP = NO;
				DEBUG_INFORMATION_FORMAT = "dwarf-with-dsym";
				ENABLE_NS_ASSERTIONS = NO;
				ENABLE_STRICT_OBJC_MSGSEND = YES;
				GCC_C_LANGUAGE_STANDARD = gnu11;
				GCC_NO_COMMON_BLOCKS = YES;
				GCC_WARN_64_TO_32_BIT_CONVERSION = YES;
				GCC_WARN_ABOUT_RETURN_TYPE = YES_ERROR;
				GCC_WARN_UNDECLARED_SELECTOR = YES;
				GCC_WARN_UNINITIALIZED_AUTOS = YES_AGGRESSIVE;
				GCC_WARN_UNUSED_FUNCTION = YES;
				GCC_WARN_UNUSED_VARIABLE = YES;
				IPHONEOS_DEPLOYMENT_TARGET = 16.2;
				MTL_ENABLE_DEBUG_INFO = NO;
				MTL_FAST_MATH = YES;
				SDKROOT = iphoneos;
				SWIFT_COMPILATION_MODE = wholemodule;
				SWIFT_OPTIMIZATION_LEVEL = "-O";
				VALIDATE_PRODUCT = YES;
			};
			name = Release;
		};
		B2282FD429D110E600C03C62 /* Debug */ = {
			isa = XCBuildConfiguration;
			buildSettings = {
				ASSETCATALOG_COMPILER_APPICON_NAME = AppIcon;
				ASSETCATALOG_COMPILER_GLOBAL_ACCENT_COLOR_NAME = AccentColor;
				CODE_SIGN_STYLE = Automatic;
				CURRENT_PROJECT_VERSION = 1;
				DEVELOPMENT_TEAM = GQ85995VF4;
				GENERATE_INFOPLIST_FILE = YES;
				INFOPLIST_FILE = SwiftTransition/Info.plist;
				INFOPLIST_KEY_UIApplicationSupportsIndirectInputEvents = YES;
				INFOPLIST_KEY_UILaunchStoryboardName = LaunchScreen;
				INFOPLIST_KEY_UIMainStoryboardFile = Main;
				INFOPLIST_KEY_UISupportedInterfaceOrientations_iPad = "UIInterfaceOrientationPortrait UIInterfaceOrientationPortraitUpsideDown UIInterfaceOrientationLandscapeLeft UIInterfaceOrientationLandscapeRight";
				INFOPLIST_KEY_UISupportedInterfaceOrientations_iPhone = "UIInterfaceOrientationPortrait UIInterfaceOrientationLandscapeLeft UIInterfaceOrientationLandscapeRight";
				LD_RUNPATH_SEARCH_PATHS = (
					"$(inherited)",
					"@executable_path/Frameworks",
				);
				MARKETING_VERSION = 1.0;
				PRODUCT_BUNDLE_IDENTIFIER = gusiken0604.SwiftTransition;
				PRODUCT_NAME = "$(TARGET_NAME)";
				SWIFT_EMIT_LOC_STRINGS = YES;
				SWIFT_VERSION = 5.0;
				TARGETED_DEVICE_FAMILY = "1,2";
			};
			name = Debug;
		};
		B2282FD529D110E600C03C62 /* Release */ = {
			isa = XCBuildConfiguration;
			buildSettings = {
				ASSETCATALOG_COMPILER_APPICON_NAME = AppIcon;
				ASSETCATALOG_COMPILER_GLOBAL_ACCENT_COLOR_NAME = AccentColor;
				CODE_SIGN_STYLE = Automatic;
				CURRENT_PROJECT_VERSION = 1;
				DEVELOPMENT_TEAM = GQ85995VF4;
				GENERATE_INFOPLIST_FILE = YES;
				INFOPLIST_FILE = SwiftTransition/Info.plist;
				INFOPLIST_KEY_UIApplicationSupportsIndirectInputEvents = YES;
				INFOPLIST_KEY_UILaunchStoryboardName = LaunchScreen;
				INFOPLIST_KEY_UIMainStoryboardFile = Main;
				INFOPLIST_KEY_UISupportedInterfaceOrientations_iPad = "UIInterfaceOrientationPortrait UIInterfaceOrientationPortraitUpsideDown UIInterfaceOrientationLandscapeLeft UIInterfaceOrientationLandscapeRight";
				INFOPLIST_KEY_UISupportedInterfaceOrientations_iPhone = "UIInterfaceOrientationPortrait UIInterfaceOrientationLandscapeLeft UIInterfaceOrientationLandscapeRight";
				LD_RUNPATH_SEARCH_PATHS = (
					"$(inherited)",
					"@executable_path/Frameworks",
				);
				MARKETING_VERSION = 1.0;
				PRODUCT_BUNDLE_IDENTIFIER = gusiken0604.SwiftTransition;
				PRODUCT_NAME = "$(TARGET_NAME)";
				SWIFT_EMIT_LOC_STRINGS = YES;
				SWIFT_VERSION = 5.0;
				TARGETED_DEVICE_FAMILY = "1,2";
			};
			name = Release;
		};
		B2282FD729D110E600C03C62 /* Debug */ = {
			isa = XCBuildConfiguration;
			buildSettings = {
				ALWAYS_EMBED_SWIFT_STANDARD_LIBRARIES = YES;
				BUNDLE_LOADER = "$(TEST_HOST)";
				CODE_SIGN_STYLE = Automatic;
				CURRENT_PROJECT_VERSION = 1;
				DEVELOPMENT_TEAM = GQ85995VF4;
				GENERATE_INFOPLIST_FILE = YES;
				IPHONEOS_DEPLOYMENT_TARGET = 16.2;
				MARKETING_VERSION = 1.0;
				PRODUCT_BUNDLE_IDENTIFIER = gusiken0604.SwiftTransitionTests;
				PRODUCT_NAME = "$(TARGET_NAME)";
				SWIFT_EMIT_LOC_STRINGS = NO;
				SWIFT_VERSION = 5.0;
				TARGETED_DEVICE_FAMILY = "1,2";
				TEST_HOST = "$(BUILT_PRODUCTS_DIR)/SwiftTransition.app/$(BUNDLE_EXECUTABLE_FOLDER_PATH)/SwiftTransition";
			};
			name = Debug;
		};
		B2282FD829D110E600C03C62 /* Release */ = {
			isa = XCBuildConfiguration;
			buildSettings = {
				ALWAYS_EMBED_SWIFT_STANDARD_LIBRARIES = YES;
				BUNDLE_LOADER = "$(TEST_HOST)";
				CODE_SIGN_STYLE = Automatic;
				CURRENT_PROJECT_VERSION = 1;
				DEVELOPMENT_TEAM = GQ85995VF4;
				GENERATE_INFOPLIST_FILE = YES;
				IPHONEOS_DEPLOYMENT_TARGET = 16.2;
				MARKETING_VERSION = 1.0;
				PRODUCT_BUNDLE_IDENTIFIER = gusiken0604.SwiftTransitionTests;
				PRODUCT_NAME = "$(TARGET_NAME)";
				SWIFT_EMIT_LOC_STRINGS = NO;
				SWIFT_VERSION = 5.0;
				TARGETED_DEVICE_FAMILY = "1,2";
				TEST_HOST = "$(BUILT_PRODUCTS_DIR)/SwiftTransition.app/$(BUNDLE_EXECUTABLE_FOLDER_PATH)/SwiftTransition";
			};
			name = Release;
		};
		B2282FDA29D110E600C03C62 /* Debug */ = {
			isa = XCBuildConfiguration;
			buildSettings = {
				ALWAYS_EMBED_SWIFT_STANDARD_LIBRARIES = YES;
				CODE_SIGN_STYLE = Automatic;
				CURRENT_PROJECT_VERSION = 1;
				DEVELOPMENT_TEAM = GQ85995VF4;
				GENERATE_INFOPLIST_FILE = YES;
				MARKETING_VERSION = 1.0;
				PRODUCT_BUNDLE_IDENTIFIER = gusiken0604.SwiftTransitionUITests;
				PRODUCT_NAME = "$(TARGET_NAME)";
				SWIFT_EMIT_LOC_STRINGS = NO;
				SWIFT_VERSION = 5.0;
				TARGETED_DEVICE_FAMILY = "1,2";
				TEST_TARGET_NAME = SwiftTransition;
			};
			name = Debug;
		};
		B2282FDB29D110E600C03C62 /* Release */ = {
			isa = XCBuildConfiguration;
			buildSettings = {
				ALWAYS_EMBED_SWIFT_STANDARD_LIBRARIES = YES;
				CODE_SIGN_STYLE = Automatic;
				CURRENT_PROJECT_VERSION = 1;
				DEVELOPMENT_TEAM = GQ85995VF4;
				GENERATE_INFOPLIST_FILE = YES;
				MARKETING_VERSION = 1.0;
				PRODUCT_BUNDLE_IDENTIFIER = gusiken0604.SwiftTransitionUITests;
				PRODUCT_NAME = "$(TARGET_NAME)";
				SWIFT_EMIT_LOC_STRINGS = NO;
				SWIFT_VERSION = 5.0;
				TARGETED_DEVICE_FAMILY = "1,2";
				TEST_TARGET_NAME = SwiftTransition;
			};
			name = Release;
		};
/* End XCBuildConfiguration section */

/* Begin XCConfigurationList section */
		B2282FA129D110E500C03C62 /* Build configuration list for PBXProject "SwiftTransition" */ = {
			isa = XCConfigurationList;
			buildConfigurations = (
				B2282FD129D110E600C03C62 /* Debug */,
				B2282FD229D110E600C03C62 /* Release */,
			);
			defaultConfigurationIsVisible = 0;
			defaultConfigurationName = Release;
		};
		B2282FD329D110E600C03C62 /* Build configuration list for PBXNativeTarget "SwiftTransition" */ = {
			isa = XCConfigurationList;
			buildConfigurations = (
				B2282FD429D110E600C03C62 /* Debug */,
				B2282FD529D110E600C03C62 /* Release */,
			);
			defaultConfigurationIsVisible = 0;
			defaultConfigurationName = Release;
		};
		B2282FD629D110E600C03C62 /* Build configuration list for PBXNativeTarget "SwiftTransitionTests" */ = {
			isa = XCConfigurationList;
			buildConfigurations = (
				B2282FD729D110E600C03C62 /* Debug */,
				B2282FD829D110E600C03C62 /* Release */,
			);
			defaultConfigurationIsVisible = 0;
			defaultConfigurationName = Release;
		};
		B2282FD929D110E600C03C62 /* Build configuration list for PBXNativeTarget "SwiftTransitionUITests" */ = {
			isa = XCConfigurationList;
			buildConfigurations = (
				B2282FDA29D110E600C03C62 /* Debug */,
				B2282FDB29D110E600C03C62 /* Release */,
			);
			defaultConfigurationIsVisible = 0;
			defaultConfigurationName = Release;
		};
/* End XCConfigurationList section */

/* Begin XCVersionGroup section */
		B2282FB229D110E500C03C62 /* SwiftTransition.xcdatamodeld */ = {
			isa = XCVersionGroup;
			children = (
				B2282FB329D110E500C03C62 /* SwiftTransition.xcdatamodel */,
			);
			currentVersion = B2282FB329D110E500C03C62 /* SwiftTransition.xcdatamodel */;
			path = SwiftTransition.xcdatamodeld;
			sourceTree = "<group>";
			versionGroupType = wrapper.xcdatamodel;
		};
/* End XCVersionGroup section */
	};
	rootObject = B2282F9E29D110E500C03C62 /* Project object */;
}
